
Microsoft Visual Studio Solution File, Format Version 12.00
# Visual Studio 15
VisualStudioVersion = 15.0.26124.0
MinimumVisualStudioVersion = 15.0.26124.0
Project("{FAE04EC0-301F-11D3-BF4B-00C04F79EFBC}") = "InvestimentReport.Domain", "InvestimentReport.Domain\InvestimentReport.Domain.csproj", "{2C36DBA8-1EB0-48DD-BC14-63DE59213F56}"
EndProject
Project("{FAE04EC0-301F-11D3-BF4B-00C04F79EFBC}") = "InvestimentReport.Tests", "InvestimentReport.Tests\InvestimentReport.Tests.csproj", "{362D0353-3089-4857-A9D2-E7EDB817A70F}"
EndProject
Project("{FAE04EC0-301F-11D3-BF4B-00C04F79EFBC}") = "InvestimentReport.Application", "InvestimentReport.Application\InvestimentReport.Application.csproj", "{16DF43C3-A123-4E44-849B-F93C39785374}"
EndProject
Project("{FAE04EC0-301F-11D3-BF4B-00C04F79EFBC}") = "InvestimentReport.Infrastructure", "InvestimentReport.Infrastructure\InvestimentReport.Infrastructure.csproj", "{DC03FBCD-EBF2-4FA0-BAFA-6DF5DAD9913F}"
EndProject
Project("{FAE04EC0-301F-11D3-BF4B-00C04F79EFBC}") = "InvestimentReport.WebApi", "InvestimentReport.WebApi\InvestimentReport.WebApi.csproj", "{A5961638-43B7-4F39-BE0A-357AC16F0BEA}"
EndProject
Project("{FAE04EC0-301F-11D3-BF4B-00C04F79EFBC}") = "InvestimentReport.CrossCutting", "InvestimentReport.CrossCutting\InvestimentReport.CrossCutting.csproj", "{DF81D9A5-CDAF-48D4-80E2-B745B658C1F9}"
EndProject
Global
	GlobalSection(SolutionConfigurationPlatforms) = preSolution
		Debug|Any CPU = Debug|Any CPU
		Debug|x64 = Debug|x64
		Debug|x86 = Debug|x86
		Release|Any CPU = Release|Any CPU
		Release|x64 = Release|x64
		Release|x86 = Release|x86
	EndGlobalSection
	GlobalSection(SolutionProperties) = preSolution
		HideSolutionNode = FALSE
	EndGlobalSection
	GlobalSection(ProjectConfigurationPlatforms) = postSolution
		{2C36DBA8-1EB0-48DD-BC14-63DE59213F56}.Debug|Any CPU.ActiveCfg = Debug|Any CPU
		{2C36DBA8-1EB0-48DD-BC14-63DE59213F56}.Debug|Any CPU.Build.0 = Debug|Any CPU
		{2C36DBA8-1EB0-48DD-BC14-63DE59213F56}.Debug|x64.ActiveCfg = Debug|Any CPU
		{2C36DBA8-1EB0-48DD-BC14-63DE59213F56}.Debug|x64.Build.0 = Debug|Any CPU
		{2C36DBA8-1EB0-48DD-BC14-63DE59213F56}.Debug|x86.ActiveCfg = Debug|Any CPU
		{2C36DBA8-1EB0-48DD-BC14-63DE59213F56}.Debug|x86.Build.0 = Debug|Any CPU
		{2C36DBA8-1EB0-48DD-BC14-63DE59213F56}.Release|Any CPU.ActiveCfg = Release|Any CPU
		{2C36DBA8-1EB0-48DD-BC14-63DE59213F56}.Release|Any CPU.Build.0 = Release|Any CPU
		{2C36DBA8-1EB0-48DD-BC14-63DE59213F56}.Release|x64.ActiveCfg = Release|Any CPU
		{2C36DBA8-1EB0-48DD-BC14-63DE59213F56}.Release|x64.Build.0 = Release|Any CPU
		{2C36DBA8-1EB0-48DD-BC14-63DE59213F56}.Release|x86.ActiveCfg = Release|Any CPU
		{2C36DBA8-1EB0-48DD-BC14-63DE59213F56}.Release|x86.Build.0 = Release|Any CPU
		{362D0353-3089-4857-A9D2-E7EDB817A70F}.Debug|Any CPU.ActiveCfg = Debug|Any CPU
		{362D0353-3089-4857-A9D2-E7EDB817A70F}.Debug|Any CPU.Build.0 = Debug|Any CPU
		{362D0353-3089-4857-A9D2-E7EDB817A70F}.Debug|x64.ActiveCfg = Debug|Any CPU
		{362D0353-3089-4857-A9D2-E7EDB817A70F}.Debug|x64.Build.0 = Debug|Any CPU
		{362D0353-3089-4857-A9D2-E7EDB817A70F}.Debug|x86.ActiveCfg = Debug|Any CPU
		{362D0353-3089-4857-A9D2-E7EDB817A70F}.Debug|x86.Build.0 = Debug|Any CPU
		{362D0353-3089-4857-A9D2-E7EDB817A70F}.Release|Any CPU.ActiveCfg = Release|Any CPU
		{362D0353-3089-4857-A9D2-E7EDB817A70F}.Release|Any CPU.Build.0 = Release|Any CPU
		{362D0353-3089-4857-A9D2-E7EDB817A70F}.Release|x64.ActiveCfg = Release|Any CPU
		{362D0353-3089-4857-A9D2-E7EDB817A70F}.Release|x64.Build.0 = Release|Any CPU
		{362D0353-3089-4857-A9D2-E7EDB817A70F}.Release|x86.ActiveCfg = Release|Any CPU
		{362D0353-3089-4857-A9D2-E7EDB817A70F}.Release|x86.Build.0 = Release|Any CPU
		{16DF43C3-A123-4E44-849B-F93C39785374}.Debug|Any CPU.ActiveCfg = Debug|Any CPU
		{16DF43C3-A123-4E44-849B-F93C39785374}.Debug|Any CPU.Build.0 = Debug|Any CPU
		{16DF43C3-A123-4E44-849B-F93C39785374}.Debug|x64.ActiveCfg = Debug|Any CPU
		{16DF43C3-A123-4E44-849B-F93C39785374}.Debug|x64.Build.0 = Debug|Any CPU
		{16DF43C3-A123-4E44-849B-F93C39785374}.Debug|x86.ActiveCfg = Debug|Any CPU
		{16DF43C3-A123-4E44-849B-F93C39785374}.Debug|x86.Build.0 = Debug|Any CPU
		{16DF43C3-A123-4E44-849B-F93C39785374}.Release|Any CPU.ActiveCfg = Release|Any CPU
		{16DF43C3-A123-4E44-849B-F93C39785374}.Release|Any CPU.Build.0 = Release|Any CPU
		{16DF43C3-A123-4E44-849B-F93C39785374}.Release|x64.ActiveCfg = Release|Any CPU
		{16DF43C3-A123-4E44-849B-F93C39785374}.Release|x64.Build.0 = Release|Any CPU
		{16DF43C3-A123-4E44-849B-F93C39785374}.Release|x86.ActiveCfg = Release|Any CPU
		{16DF43C3-A123-4E44-849B-F93C39785374}.Release|x86.Build.0 = Release|Any CPU
		{DC03FBCD-EBF2-4FA0-BAFA-6DF5DAD9913F}.Debug|Any CPU.ActiveCfg = Debug|Any CPU
		{DC03FBCD-EBF2-4FA0-BAFA-6DF5DAD9913F}.Debug|Any CPU.Build.0 = Debug|Any CPU
		{DC03FBCD-EBF2-4FA0-BAFA-6DF5DAD9913F}.Debug|x64.ActiveCfg = Debug|Any CPU
		{DC03FBCD-EBF2-4FA0-BAFA-6DF5DAD9913F}.Debug|x64.Build.0 = Debug|Any CPU
		{DC03FBCD-EBF2-4FA0-BAFA-6DF5DAD9913F}.Debug|x86.ActiveCfg = Debug|Any CPU
		{DC03FBCD-EBF2-4FA0-BAFA-6DF5DAD9913F}.Debug|x86.Build.0 = Debug|Any CPU
		{DC03FBCD-EBF2-4FA0-BAFA-6DF5DAD9913F}.Release|Any CPU.ActiveCfg = Release|Any CPU
		{DC03FBCD-EBF2-4FA0-BAFA-6DF5DAD9913F}.Release|Any CPU.Build.0 = Release|Any CPU
		{DC03FBCD-EBF2-4FA0-BAFA-6DF5DAD9913F}.Release|x64.ActiveCfg = Release|Any CPU
		{DC03FBCD-EBF2-4FA0-BAFA-6DF5DAD9913F}.Release|x64.Build.0 = Release|Any CPU
		{DC03FBCD-EBF2-4FA0-BAFA-6DF5DAD9913F}.Release|x86.ActiveCfg = Release|Any CPU
		{DC03FBCD-EBF2-4FA0-BAFA-6DF5DAD9913F}.Release|x86.Build.0 = Release|Any CPU
		{A5961638-43B7-4F39-BE0A-357AC16F0BEA}.Debug|Any CPU.ActiveCfg = Debug|Any CPU
		{A5961638-43B7-4F39-BE0A-357AC16F0BEA}.Debug|Any CPU.Build.0 = Debug|Any CPU
		{A5961638-43B7-4F39-BE0A-357AC16F0BEA}.Debug|x64.ActiveCfg = Debug|Any CPU
		{A5961638-43B7-4F39-BE0A-357AC16F0BEA}.Debug|x64.Build.0 = Debug|Any CPU
		{A5961638-43B7-4F39-BE0A-357AC16F0BEA}.Debug|x86.ActiveCfg = Debug|Any CPU
		{A5961638-43B7-4F39-BE0A-357AC16F0BEA}.Debug|x86.Build.0 = Debug|Any CPU
		{A5961638-43B7-4F39-BE0A-357AC16F0BEA}.Release|Any CPU.ActiveCfg = Release|Any CPU
		{A5961638-43B7-4F39-BE0A-357AC16F0BEA}.Release|Any CPU.Build.0 = Release|Any CPU
		{A5961638-43B7-4F39-BE0A-357AC16F0BEA}.Release|x64.ActiveCfg = Release|Any CPU
		{A5961638-43B7-4F39-BE0A-357AC16F0BEA}.Release|x64.Build.0 = Release|Any CPU
		{A5961638-43B7-4F39-BE0A-357AC16F0BEA}.Release|x86.ActiveCfg = Release|Any CPU
		{A5961638-43B7-4F39-BE0A-357AC16F0BEA}.Release|x86.Build.0 = Release|Any CPU
		{DF81D9A5-CDAF-48D4-80E2-B745B658C1F9}.Debug|Any CPU.ActiveCfg = Debug|Any CPU
		{DF81D9A5-CDAF-48D4-80E2-B745B658C1F9}.Debug|Any CPU.Build.0 = Debug|Any CPU
		{DF81D9A5-CDAF-48D4-80E2-B745B658C1F9}.Debug|x64.ActiveCfg = Debug|Any CPU
		{DF81D9A5-CDAF-48D4-80E2-B745B658C1F9}.Debug|x64.Build.0 = Debug|Any CPU
		{DF81D9A5-CDAF-48D4-80E2-B745B658C1F9}.Debug|x86.ActiveCfg = Debug|Any CPU
		{DF81D9A5-CDAF-48D4-80E2-B745B658C1F9}.Debug|x86.Build.0 = Debug|Any CPU
		{DF81D9A5-CDAF-48D4-80E2-B745B658C1F9}.Release|Any CPU.ActiveCfg = Release|Any CPU
		{DF81D9A5-CDAF-48D4-80E2-B745B658C1F9}.Release|Any CPU.Build.0 = Release|Any CPU
		{DF81D9A5-CDAF-48D4-80E2-B745B658C1F9}.Release|x64.ActiveCfg = Release|Any CPU
		{DF81D9A5-CDAF-48D4-80E2-B745B658C1F9}.Release|x64.Build.0 = Release|Any CPU
		{DF81D9A5-CDAF-48D4-80E2-B745B658C1F9}.Release|x86.ActiveCfg = Release|Any CPU
		{DF81D9A5-CDAF-48D4-80E2-B745B658C1F9}.Release|x86.Build.0 = Release|Any CPU
	EndGlobalSection
EndGlobal
